
Microsoft Visual Studio Solution File, Format Version 12.00
# Visual Studio Version 17
VisualStudioVersion = 17.11.35208.52
MinimumVisualStudioVersion = 10.0.40219.1
Project("{FAE04EC0-301F-11D3-BF4B-00C04F79EFBC}") = "Aplicacao", "Aplicacao\Aplicacao.csproj", "{B60553A8-6B99-4BA5-977F-47E6FADEB80A}"
EndProject
Project("{2150E333-8FDC-42A3-9474-1A3956D46DE8}") = "1 - Aplicacao", "1 - Aplicacao", "{11AFEB92-2977-45FF-B58C-931021EDAD84}"
EndProject
Project("{2150E333-8FDC-42A3-9474-1A3956D46DE8}") = "2 - Dominio", "2 - Dominio", "{A4795C74-A99C-42B0-A0F2-E16B128194A3}"
EndProject
Project("{2150E333-8FDC-42A3-9474-1A3956D46DE8}") = "3 - Repositorio", "3 - Repositorio", "{8DE96FAE-34F0-4B0D-99E8-48D39D742525}"
EndProject
Project("{2150E333-8FDC-42A3-9474-1A3956D46DE8}") = "Entidades", "Entidades", "{1EB27D28-19C5-44A4-83D8-C66E65D08506}"
EndProject
Project("{FAE04EC0-301F-11D3-BF4B-00C04F79EFBC}") = "Dominio", "Dominio\Dominio.csproj", "{C4389A00-11E6-47AD-8662-F3962E3772E8}"
EndProject
Project("{FAE04EC0-301F-11D3-BF4B-00C04F79EFBC}") = "Repositorio", "Repositorio\Repositorio.csproj", "{B6F36312-F3D1-433E-92A9-8A38582224BF}"
EndProject
Project("{FAE04EC0-301F-11D3-BF4B-00C04F79EFBC}") = "Entidades", "Entidades\Entidades.csproj", "{B0BCDD21-2926-4E64-AA93-F8B2F1DBAC7B}"
EndProject
Global
	GlobalSection(SolutionConfigurationPlatforms) = preSolution
		Debug|Any CPU = Debug|Any CPU
		Release|Any CPU = Release|Any CPU
	EndGlobalSection
	GlobalSection(ProjectConfigurationPlatforms) = postSolution
		{B60553A8-6B99-4BA5-977F-47E6FADEB80A}.Debug|Any CPU.ActiveCfg = Debug|Any CPU
		{B60553A8-6B99-4BA5-977F-47E6FADEB80A}.Debug|Any CPU.Build.0 = Debug|Any CPU
		{B60553A8-6B99-4BA5-977F-47E6FADEB80A}.Release|Any CPU.ActiveCfg = Release|Any CPU
		{B60553A8-6B99-4BA5-977F-47E6FADEB80A}.Release|Any CPU.Build.0 = Release|Any CPU
		{C4389A00-11E6-47AD-8662-F3962E3772E8}.Debug|Any CPU.ActiveCfg = Debug|Any CPU
		{C4389A00-11E6-47AD-8662-F3962E3772E8}.Debug|Any CPU.Build.0 = Debug|Any CPU
		{C4389A00-11E6-47AD-8662-F3962E3772E8}.Release|Any CPU.ActiveCfg = Release|Any CPU
		{C4389A00-11E6-47AD-8662-F3962E3772E8}.Release|Any CPU.Build.0 = Release|Any CPU
		{B6F36312-F3D1-433E-92A9-8A38582224BF}.Debug|Any CPU.ActiveCfg = Debug|Any CPU
		{B6F36312-F3D1-433E-92A9-8A38582224BF}.Debug|Any CPU.Build.0 = Debug|Any CPU
		{B6F36312-F3D1-433E-92A9-8A38582224BF}.Release|Any CPU.ActiveCfg = Release|Any CPU
		{B6F36312-F3D1-433E-92A9-8A38582224BF}.Release|Any CPU.Build.0 = Release|Any CPU
		{B0BCDD21-2926-4E64-AA93-F8B2F1DBAC7B}.Debug|Any CPU.ActiveCfg = Debug|Any CPU
		{B0BCDD21-2926-4E64-AA93-F8B2F1DBAC7B}.Debug|Any CPU.Build.0 = Debug|Any CPU
		{B0BCDD21-2926-4E64-AA93-F8B2F1DBAC7B}.Release|Any CPU.ActiveCfg = Release|Any CPU
		{B0BCDD21-2926-4E64-AA93-F8B2F1DBAC7B}.Release|Any CPU.Build.0 = Release|Any CPU
	EndGlobalSection
	GlobalSection(SolutionProperties) = preSolution
		HideSolutionNode = FALSE
	EndGlobalSection
	GlobalSection(NestedProjects) = preSolution
		{B60553A8-6B99-4BA5-977F-47E6FADEB80A} = {11AFEB92-2977-45FF-B58C-931021EDAD84}
		{C4389A00-11E6-47AD-8662-F3962E3772E8} = {A4795C74-A99C-42B0-A0F2-E16B128194A3}
		{B6F36312-F3D1-433E-92A9-8A38582224BF} = {8DE96FAE-34F0-4B0D-99E8-48D39D742525}
		{B0BCDD21-2926-4E64-AA93-F8B2F1DBAC7B} = {1EB27D28-19C5-44A4-83D8-C66E65D08506}
	EndGlobalSection
	GlobalSection(ExtensibilityGlobals) = postSolution
		SolutionGuid = {326D217B-5A2F-4C7F-B7E7-1CF2A0F2173E}
	EndGlobalSection
EndGlobal
